
Microsoft Visual Studio Solution File, Format Version 12.00
# Visual Studio Version 16
VisualStudioVersion = 16.0.30523.141
MinimumVisualStudioVersion = 10.0.40219.1
Project("{FAE04EC0-301F-11D3-BF4B-00C04F79EFBC}") = "hwmonitor-service", "hwmonitor-service\hwmonitor-service.csproj", "{E2B2F532-635E-42D2-BD2F-E637C7F8A44B}"
EndProject
Global
	GlobalSection(SolutionConfigurationPlatforms) = preSolution
		Debug|Any CPU = Debug|Any CPU
		Debug|ARM = Debug|ARM
		Debug|ARM64 = Debug|ARM64
		Debug|x64 = Debug|x64
		Debug|x86 = Debug|x86
		Release|Any CPU = Release|Any CPU
		Release|ARM = Release|ARM
		Release|ARM64 = Release|ARM64
		Release|x64 = Release|x64
		Release|x86 = Release|x86
	EndGlobalSection
	GlobalSection(ProjectConfigurationPlatforms) = postSolution
		{E2B2F532-635E-42D2-BD2F-E637C7F8A44B}.Debug|Any CPU.ActiveCfg = Debug|Any CPU
		{E2B2F532-635E-42D2-BD2F-E637C7F8A44B}.Debug|Any CPU.Build.0 = Debug|Any CPU
		{E2B2F532-635E-42D2-BD2F-E637C7F8A44B}.Debug|ARM.ActiveCfg = Debug|Any CPU
		{E2B2F532-635E-42D2-BD2F-E637C7F8A44B}.Debug|ARM.Build.0 = Debug|Any CPU
		{E2B2F532-635E-42D2-BD2F-E637C7F8A44B}.Debug|ARM64.ActiveCfg = Debug|Any CPU
		{E2B2F532-635E-42D2-BD2F-E637C7F8A44B}.Debug|ARM64.Build.0 = Debug|Any CPU
		{E2B2F532-635E-42D2-BD2F-E637C7F8A44B}.Debug|x64.ActiveCfg = Debug|Any CPU
		{E2B2F532-635E-42D2-BD2F-E637C7F8A44B}.Debug|x64.Build.0 = Debug|Any CPU
		{E2B2F532-635E-42D2-BD2F-E637C7F8A44B}.Debug|x86.ActiveCfg = Debug|Any CPU
		{E2B2F532-635E-42D2-BD2F-E637C7F8A44B}.Debug|x86.Build.0 = Debug|Any CPU
		{E2B2F532-635E-42D2-BD2F-E637C7F8A44B}.Release|Any CPU.ActiveCfg = Release|Any CPU
		{E2B2F532-635E-42D2-BD2F-E637C7F8A44B}.Release|Any CPU.Build.0 = Release|Any CPU
		{E2B2F532-635E-42D2-BD2F-E637C7F8A44B}.Release|ARM.ActiveCfg = Release|Any CPU
		{E2B2F532-635E-42D2-BD2F-E637C7F8A44B}.Release|ARM.Build.0 = Release|Any CPU
		{E2B2F532-635E-42D2-BD2F-E637C7F8A44B}.Release|ARM64.ActiveCfg = Release|Any CPU
		{E2B2F532-635E-42D2-BD2F-E637C7F8A44B}.Release|ARM64.Build.0 = Release|Any CPU
		{E2B2F532-635E-42D2-BD2F-E637C7F8A44B}.Release|x64.ActiveCfg = Release|Any CPU
		{E2B2F532-635E-42D2-BD2F-E637C7F8A44B}.Release|x64.Build.0 = Release|Any CPU
		{E2B2F532-635E-42D2-BD2F-E637C7F8A44B}.Release|x86.ActiveCfg = Release|Any CPU
		{E2B2F532-635E-42D2-BD2F-E637C7F8A44B}.Release|x86.Build.0 = Release|Any CPU
	EndGlobalSection
	GlobalSection(SolutionProperties) = preSolution
		HideSolutionNode = FALSE
	EndGlobalSection
	GlobalSection(ExtensibilityGlobals) = postSolution
		SolutionGuid = {3300B783-1E74-4D37-9CC8-F0F5EE5BA784}
	EndGlobalSection
EndGlobal
